
Microsoft Visual Studio Solution File, Format Version 12.00
# Visual Studio Version 17
VisualStudioVersion = 17.9.34728.123
MinimumVisualStudioVersion = 10.0.40219.1
Project("{FAE04EC0-301F-11D3-BF4B-00C04F79EFBC}") = "Examination system", "Examination system\Examination system.csproj", "{74539AD7-4878-403D-9F89-5C743ADFE082}"
EndProject
Global
	GlobalSection(SolutionConfigurationPlatforms) = preSolution
		Debug|Any CPU = Debug|Any CPU
		Release|Any CPU = Release|Any CPU
	EndGlobalSection
	GlobalSection(ProjectConfigurationPlatforms) = postSolution
		{74539AD7-4878-403D-9F89-5C743ADFE082}.Debug|Any CPU.ActiveCfg = Debug|Any CPU
		{74539AD7-4878-403D-9F89-5C743ADFE082}.Debug|Any CPU.Build.0 = Debug|Any CPU
		{74539AD7-4878-403D-9F89-5C743ADFE082}.Release|Any CPU.ActiveCfg = Release|Any CPU
		{74539AD7-4878-403D-9F89-5C743ADFE082}.Release|Any CPU.Build.0 = Release|Any CPU
	EndGlobalSection
	GlobalSection(SolutionProperties) = preSolution
		HideSolutionNode = FALSE
	EndGlobalSection
	GlobalSection(ExtensibilityGlobals) = postSolution
		SolutionGuid = {20A095A4-1FC8-4418-99D9-A54A3B84095E}
	EndGlobalSection
EndGlobal
